github.com/containers/image/v5 v5.35.0 h1:T1OeyWp3GjObt47bchwD9cqiaAm/u4O4R9hIWdrdrP8=
github.com/containers/image/v5 v5.35.0/go.mod h1:8vTsgb+1gKcBL7cnjyNOInhJQfTUQjJoO2WWkKDoebM=
github.com/containers/storage v1.58.0 h1:Q7SyyCCjqgT3wYNgRNIL8o/wUS92heIj2/cc8Sewvcc=
github.com/containers/storage v1.58.0/go.mod h1:w7Jl6oG+OpeLGLzlLyOZPkmUso40kjpzgrHUk5tyBlo=
github.com/cpuguy83/go-md2man/v2 v2.0.6/go.mod h1:oOW0eioCTA6cOiMLiUPZOpcVxMig6NIQQ7OS05n1F4g=
github.com/inconshreveable/mousetrap v1.1.0 h1:wN+x4NVGpMsO7ErUn/mUI3vEoE6Jt13X2s0bqwp9tc8=
github.com/inconshreveable/mousetrap v1.1.0/go.mod h1:vpF70FUmC8bwa3OWnCshd2FqLfsEA9PFc4w1p2J65bw=
github.com/majewsky/gg v1.1.0 h1:rvbQAUVJ8Q0RWZF26k3BxQBbQnRj3CdIN+Aaqu1qaJo=
github.com/majewsky/gg v1.1.0/go.mod h1:KC7qUlln1VBY90OE0jXMNjXW2b9B4jJ1heYQ08OzeAg=
github.com/opencontainers/go-digest v1.0.0 h1:apOUWs51W5PlhuyGyz9FCeeBIOUDA/6nW8Oi/yOhh5U=
github.com/opencontainers/go-digest v1.0.0/go.mod h1:0JzlMkj0TRzQZfJkVvzbP0HBR3IKzErnv2BNG4W4MAM=
github.com/russross/blackfriday/v2 v2.1.0/go.mod h1:+Rmxgy9KzJVeS9/2gXHxylqXiyQDYRxCVz55jmeOWTM=
github.com/sapcc/go-api-declarations v1.17.1 h1:E896evJfHXVQDJJ2erz4XVc1i0zGv247d9askKYMQY8=
github.com/sapcc/go-api-declarations v1.17.1/go.mod h1:MWmLjmvjftgyAugNUfIhsDsHIzXH1pn32cWLZpiluKg=
github.com/sapcc/go-bits v0.0.0-20250717162732-01df4e41958b h1:hCNRqCUSnuW92qjRVB2JRDaohmgCLpUNU/Xbi1C/aZM=
github.com/sapcc/go-bits v0.0.0-20250717162732-01df4e41958b/go.mod h1:wjpTRJuananJJzggsHO+GiTzUTYQFbbjgKCd+WM1UAY=
github.com/sergi/go-diff v1.4.0 h1:n/SP9D5ad1fORl+llWyN+D6qoUETXNZARKjyY2/KVCw=
github.com/sergi/go-diff v1.4.0/go.mod h1:A0bzQcvG0E7Rwjx0REVgAGH58e96+X0MeOfepqsbeW4=
github.com/spf13/cobra v1.9.1 h1:CXSaggrXdbHK9CF+8ywj8Amf7PBRmPCOJugH954Nnlo=
github.com/spf13/cobra v1.9.1/go.mod h1:nDyEzZ8ogv936Cinf6g1RU9MRY64Ir93oCnqb9wxYW0=
github.com/spf13/pflag v1.0.6 h1:jFzHGLGAlb3ruxLB8MhbI6A8+AQX/2eW4qeyNZXNp2o=
github.com/spf13/pflag v1.0.6/go.mod h1:McXfInJRrz4CZXVZOBLb0bTZqETkiAhM9Iw0y3An2Bg=
gopkg.in/check.v1 v0.0.0-20161208181325-20d25e280405 h1:yhCVgyC4o1eVCa2tZl7eS0r+SDo693bJlVdllGtEeKM=
gopkg.in/check.v1 v0.0.0-20161208181325-20d25e280405/go.mod h1:Co6ibVJAznAaIkqp8huTwlJQCZ016jof/cbN4VW5Yz0=
gopkg.in/yaml.v3 v3.0.1 h1:fxVm/GzAzEWqLHuvctI91KS9hhNmmWOoWu0XTYJS7CA=
gopkg.in/yaml.v3 v3.0.1/go.mod h1:K4uyk7z7BCEPqu6E+C64Yfv1cQ7kz7rIZviUmN+EgEM=
